
Microsoft Visual Studio Solution File, Format Version 12.00
# Visual Studio Version 16
VisualStudioVersion = 16.0.30104.148
MinimumVisualStudioVersion = 10.0.40219.1
Project("{8BC9CEB8-8B4A-11D0-8D11-00A0C91BC942}") = "Next_house", "Next_house\Next_house.vcxproj", "{3851C6D0-97E2-4028-9D87-069712B1E67C}"
EndProject
Global
	GlobalSection(SolutionConfigurationPlatforms) = preSolution
		Debug|x64 = Debug|x64
		Debug|x86 = Debug|x86
		Release|x64 = Release|x64
		Release|x86 = Release|x86
	EndGlobalSection
	GlobalSection(ProjectConfigurationPlatforms) = postSolution
		{3851C6D0-97E2-4028-9D87-069712B1E67C}.Debug|x64.ActiveCfg = Debug|x64
		{3851C6D0-97E2-4028-9D87-069712B1E67C}.Debug|x64.Build.0 = Debug|x64
		{3851C6D0-97E2-4028-9D87-069712B1E67C}.Debug|x86.ActiveCfg = Debug|Win32
		{3851C6D0-97E2-4028-9D87-069712B1E67C}.Debug|x86.Build.0 = Debug|Win32
		{3851C6D0-97E2-4028-9D87-069712B1E67C}.Release|x64.ActiveCfg = Release|x64
		{3851C6D0-97E2-4028-9D87-069712B1E67C}.Release|x64.Build.0 = Release|x64
		{3851C6D0-97E2-4028-9D87-069712B1E67C}.Release|x86.ActiveCfg = Release|Win32
		{3851C6D0-97E2-4028-9D87-069712B1E67C}.Release|x86.Build.0 = Release|Win32
	EndGlobalSection
	GlobalSection(SolutionProperties) = preSolution
		HideSolutionNode = FALSE
	EndGlobalSection
	GlobalSection(ExtensibilityGlobals) = postSolution
		SolutionGuid = {B174B0E6-AE19-4199-A2FF-46D1739DF853}
	EndGlobalSection
EndGlobal
